{
  "name": "pat_automation",
  "version": "1.0.0",
  "lockfileVersion": 3,
  "requires": true,
  "packages": {
    "": {
      "name": "pat_automation",
      "version": "1.0.0",
      "license": "ISC",
      "dependencies": {
        "faker": "^5.5.3"
      },
      "devDependencies": {
        "@faker-js/faker": "^9.1.0",
        "@playwright/test": "^1.47.2",
        "@types/node": "^22.7.4",
        "@zerostep/playwright": "^0.1.5",
        "playwright": "^1.47.2"
      }
    },
    "node_modules/@faker-js/faker": {
      "version": "9.1.0",
      "resolved": "https://registry.npmjs.org/@faker-js/faker/-/faker-9.1.0.tgz",
      "integrity": "sha512-GJvX9iM9PBtKScJVlXQ0tWpihK3i0pha/XAhzQa1hPK/ILLa1Wq3I63Ij7lRtqTwmdTxRCyrUhLC5Sly9SLbug==",
      "dev": true,
      "funding": [
        {
          "type": "opencollective",
          "url": "https://opencollective.com/fakerjs"
        }
      ],
      "engines": {
        "node": ">=18.0.0",
        "npm": ">=9.0.0"
      }
    },
    "node_modules/@playwright/test": {
      "version": "1.47.2",
      "resolved": "https://registry.npmjs.org/@playwright/test/-/test-1.47.2.tgz",
      "integrity": "sha512-jTXRsoSPONAs8Za9QEQdyjFn+0ZQFjCiIztAIF6bi1HqhBzG9Ma7g1WotyiGqFSBRZjIEqMdT8RUlbk1QVhzCQ==",
      "dev": true,
      "dependencies": {
        "playwright": "1.47.2"
      },
      "bin": {
        "playwright": "cli.js"
      },
      "engines": {
        "node": ">=18"
      }
    },
    "node_modules/@types/node": {
      "version": "22.7.4",
      "resolved": "https://registry.npmjs.org/@types/node/-/node-22.7.4.tgz",
      "integrity": "sha512-y+NPi1rFzDs1NdQHHToqeiX2TIS79SWEAw9GYhkkx8bD0ChpfqC+n2j5OXOCpzfojBEBt6DnEnnG9MY0zk1XLg==",
      "dev": true,
      "dependencies": {
        "undici-types": "~6.19.2"
      }
    },
    "node_modules/@zerostep/playwright": {
      "version": "0.1.5",
      "resolved": "https://registry.npmjs.org/@zerostep/playwright/-/playwright-0.1.5.tgz",
      "integrity": "sha512-0//F+ITgwbIzJY/L/xrykyaJQgj6FxajUl+HXO1jFEyvcwCvPDt+ZYpvavmxi4Va5D4UVKJQ7L0AM7kA+7L6Kw==",
      "dev": true,
      "dependencies": {
        "uuidv7": "^0.6.3",
        "ws": "^8.14.2"
      },
      "peerDependencies": {
        "@playwright/test": "^1.21.0"
      }
    },
    "node_modules/faker": {
      "version": "5.5.3",
      "resolved": "https://registry.npmjs.org/faker/-/faker-5.5.3.tgz",
      "integrity": "sha512-wLTv2a28wjUyWkbnX7u/ABZBkUkIF2fCd73V6P2oFqEGEktDfzWx4UxrSqtPRw0xPRAcjeAOIiJWqZm3pP4u3g=="
    },
    "node_modules/fsevents": {
      "version": "2.3.2",
      "resolved": "https://registry.npmjs.org/fsevents/-/fsevents-2.3.2.tgz",
      "integrity": "sha512-xiqMQR4xAeHTuB9uWm+fFRcIOgKBMiOBP+eXiyT7jsgVCq1bkVygt00oASowB7EdtpOHaaPgKt812P9ab+DDKA==",
      "dev": true,
      "hasInstallScript": true,
      "optional": true,
      "os": [
        "darwin"
      ],
      "engines": {
        "node": "^8.16.0 || ^10.6.0 || >=11.0.0"
      }
    },
    "node_modules/playwright": {
      "version": "1.47.2",
      "resolved": "https://registry.npmjs.org/playwright/-/playwright-1.47.2.tgz",
      "integrity": "sha512-nx1cLMmQWqmA3UsnjaaokyoUpdVaaDhJhMoxX2qj3McpjnsqFHs516QAKYhqHAgOP+oCFTEOCOAaD1RgD/RQfA==",
      "dev": true,
      "dependencies": {
        "playwright-core": "1.47.2"
      },
      "bin": {
        "playwright": "cli.js"
      },
      "engines": {
        "node": ">=18"
      },
      "optionalDependencies": {
        "fsevents": "2.3.2"
      }
    },
    "node_modules/playwright-core": {
      "version": "1.47.2",
      "resolved": "https://registry.npmjs.org/playwright-core/-/playwright-core-1.47.2.tgz",
      "integrity": "sha512-3JvMfF+9LJfe16l7AbSmU555PaTl2tPyQsVInqm3id16pdDfvZ8TTZ/pyzmkbDrZTQefyzU7AIHlZqQnxpqHVQ==",
      "dev": true,
      "bin": {
        "playwright-core": "cli.js"
      },
      "engines": {
        "node": ">=18"
      }
    },
    "node_modules/undici-types": {
      "version": "6.19.8",
      "resolved": "https://registry.npmjs.org/undici-types/-/undici-types-6.19.8.tgz",
      "integrity": "sha512-ve2KP6f/JnbPBFyobGHuerC9g1FYGn/F8n1LWTwNxCEzd6IfqTwUQcNXgEtmmQ6DlRrC1hrSrBnCZPokRrDHjw==",
      "dev": true
    },
    "node_modules/uuidv7": {
      "version": "0.6.3",
      "resolved": "https://registry.npmjs.org/uuidv7/-/uuidv7-0.6.3.tgz",
      "integrity": "sha512-zV3eW2NlXTsun/aJ7AixxZjH/byQcH/r3J99MI0dDEkU2cJIBJxhEWUHDTpOaLPRNhebPZoeHuykYREkI9HafA==",
      "dev": true,
      "bin": {
        "uuidv7": "cli.js"
      }
    },
    "node_modules/ws": {
      "version": "8.18.0",
      "resolved": "https://registry.npmjs.org/ws/-/ws-8.18.0.tgz",
      "integrity": "sha512-8VbfWfHLbbwu3+N6OKsOMpBdT4kXPDDB9cJk2bJ6mh9ucxdlnNvH1e+roYkKmN9Nxw2yjz7VzeO9oOz2zJ04Pw==",
      "dev": true,
      "engines": {
        "node": ">=10.0.0"
      },
      "peerDependencies": {
        "bufferutil": "^4.0.1",
        "utf-8-validate": ">=5.0.2"
      },
      "peerDependenciesMeta": {
        "bufferutil": {
          "optional": true
        },
        "utf-8-validate": {
          "optional": true
        }
      }
    }
  }
}
